
Microsoft Visual Studio Solution File, Format Version 12.00
# Visual Studio Version 17
VisualStudioVersion = 17.10.35027.167
MinimumVisualStudioVersion = 10.0.40219.1
Project("{FAE04EC0-301F-11D3-BF4B-00C04F79EFBC}") = "Polymorphism", "Polymorphism\Polymorphism.csproj", "{A746DC70-75B1-48EC-AA70-C5B935E9D4FC}"
EndProject
Global
	GlobalSection(SolutionConfigurationPlatforms) = preSolution
		Debug|Any CPU = Debug|Any CPU
		Release|Any CPU = Release|Any CPU
	EndGlobalSection
	GlobalSection(ProjectConfigurationPlatforms) = postSolution
		{A746DC70-75B1-48EC-AA70-C5B935E9D4FC}.Debug|Any CPU.ActiveCfg = Debug|Any CPU
		{A746DC70-75B1-48EC-AA70-C5B935E9D4FC}.Debug|Any CPU.Build.0 = Debug|Any CPU
		{A746DC70-75B1-48EC-AA70-C5B935E9D4FC}.Release|Any CPU.ActiveCfg = Release|Any CPU
		{A746DC70-75B1-48EC-AA70-C5B935E9D4FC}.Release|Any CPU.Build.0 = Release|Any CPU
	EndGlobalSection
	GlobalSection(SolutionProperties) = preSolution
		HideSolutionNode = FALSE
	EndGlobalSection
	GlobalSection(ExtensibilityGlobals) = postSolution
		SolutionGuid = {0A6CDCF0-FEE4-42E8-A2CD-654864AA67A5}
	EndGlobalSection
EndGlobal
